
Microsoft Visual Studio Solution File, Format Version 12.00
# Visual Studio 15
VisualStudioVersion = 15.0.28307.902
MinimumVisualStudioVersion = 10.0.40219.1
Project("{FAE04EC0-301F-11D3-BF4B-00C04F79EFBC}") = "API", "API\API.csproj", "{50195135-A440-4679-9B11-160B79120539}"
EndProject
Project("{FAE04EC0-301F-11D3-BF4B-00C04F79EFBC}") = "CORE", "CORE\CORE.csproj", "{05A06260-AAEF-4A60-BB00-C832DB12B600}"
EndProject
Project("{FAE04EC0-301F-11D3-BF4B-00C04F79EFBC}") = "DATA", "DATA\DATA.csproj", "{FA979721-FBEF-460B-8312-99E2C8A53C69}"
EndProject
Global
	GlobalSection(SolutionConfigurationPlatforms) = preSolution
		Debug|Any CPU = Debug|Any CPU
		Release|Any CPU = Release|Any CPU
	EndGlobalSection
	GlobalSection(ProjectConfigurationPlatforms) = postSolution
		{50195135-A440-4679-9B11-160B79120539}.Debug|Any CPU.ActiveCfg = Debug|Any CPU
		{50195135-A440-4679-9B11-160B79120539}.Debug|Any CPU.Build.0 = Debug|Any CPU
		{50195135-A440-4679-9B11-160B79120539}.Release|Any CPU.ActiveCfg = Release|Any CPU
		{50195135-A440-4679-9B11-160B79120539}.Release|Any CPU.Build.0 = Release|Any CPU
		{05A06260-AAEF-4A60-BB00-C832DB12B600}.Debug|Any CPU.ActiveCfg = Debug|Any CPU
		{05A06260-AAEF-4A60-BB00-C832DB12B600}.Debug|Any CPU.Build.0 = Debug|Any CPU
		{05A06260-AAEF-4A60-BB00-C832DB12B600}.Release|Any CPU.ActiveCfg = Release|Any CPU
		{05A06260-AAEF-4A60-BB00-C832DB12B600}.Release|Any CPU.Build.0 = Release|Any CPU
		{FA979721-FBEF-460B-8312-99E2C8A53C69}.Debug|Any CPU.ActiveCfg = Debug|Any CPU
		{FA979721-FBEF-460B-8312-99E2C8A53C69}.Debug|Any CPU.Build.0 = Debug|Any CPU
		{FA979721-FBEF-460B-8312-99E2C8A53C69}.Release|Any CPU.ActiveCfg = Release|Any CPU
		{FA979721-FBEF-460B-8312-99E2C8A53C69}.Release|Any CPU.Build.0 = Release|Any CPU
	EndGlobalSection
	GlobalSection(SolutionProperties) = preSolution
		HideSolutionNode = FALSE
	EndGlobalSection
	GlobalSection(ExtensibilityGlobals) = postSolution
		SolutionGuid = {325EA078-C820-4E1C-9F76-CC872125BD07}
	EndGlobalSection
EndGlobal
